
Microsoft Visual Studio Solution File, Format Version 12.00
# Visual Studio Version 17
VisualStudioVersion = 17.6.33829.357
MinimumVisualStudioVersion = 10.0.40219.1
Project("{FAE04EC0-301F-11D3-BF4B-00C04F79EFBC}") = "Adamasmaca", "Adamasmaca\Adamasmaca.csproj", "{B724AA7A-ACA5-497B-9D9A-BAAC94D41640}"
EndProject
Global
	GlobalSection(SolutionConfigurationPlatforms) = preSolution
		Debug|Any CPU = Debug|Any CPU
		Release|Any CPU = Release|Any CPU
	EndGlobalSection
	GlobalSection(ProjectConfigurationPlatforms) = postSolution
		{B724AA7A-ACA5-497B-9D9A-BAAC94D41640}.Debug|Any CPU.ActiveCfg = Debug|Any CPU
		{B724AA7A-ACA5-497B-9D9A-BAAC94D41640}.Debug|Any CPU.Build.0 = Debug|Any CPU
		{B724AA7A-ACA5-497B-9D9A-BAAC94D41640}.Release|Any CPU.ActiveCfg = Release|Any CPU
		{B724AA7A-ACA5-497B-9D9A-BAAC94D41640}.Release|Any CPU.Build.0 = Release|Any CPU
	EndGlobalSection
	GlobalSection(SolutionProperties) = preSolution
		HideSolutionNode = FALSE
	EndGlobalSection
	GlobalSection(ExtensibilityGlobals) = postSolution
		SolutionGuid = {F916019F-1298-45D7-9230-6EE6E4759817}
	EndGlobalSection
EndGlobal
